version: 2.0
shards:
  clim:
    git: https://github.com/at-grandpa/clim.git
    version: 0.17.1

  common_marker:
    git: https://github.com/mamantoha/crystal-cmark-gfm.git
    version: 0.6.0

  front_matter:
    git: https://github.com/chris-huxtable/front_matter.cr.git
    version: 0.1.1

  fswatch:
    git: https://github.com/bcardiff/crystal-fswatch.git
    version: 0.1.0+git.commit.04aca8703e22fb0ed3d7a39316a49bc0e30eefba

  markd:
    git: https://github.com/icyleaf/markd.git
    version: 0.5.0

  webview:
    git: https://github.com/naqvis/webview.git
    version: 0.1.5

